Microsoft Visual Studio Solution File, Format Version 12.00
# Visual Studio Version 18
VisualStudioVersion = 18.2.11415.280 d18.0
MinimumVisualStudioVersion = 10.0.40219.1
Project("{FAE04EC0-301F-11D3-BF4B-00C04F79EFBC}") = "Nerd_STF", "Nerd_STF\Nerd_STF.csproj", "{3AEF66EF-A5C8-198A-65D0-8A73369D7545}"
EndProject
Project("{FAE04EC0-301F-11D3-BF4B-00C04F79EFBC}") = "Testing", "Testing\Testing.csproj", "{33544DFA-E679-B406-8ABE-B57F0E990966}"
EndProject
Project("{FAE04EC0-301F-11D3-BF4B-00C04F79EFBC}") = "UnitTests", "UnitTests\UnitTests.csproj", "{F6D7266C-D51A-46AD-B673-25783CBFF676}"
EndProject
Global
	GlobalSection(SolutionConfigurationPlatforms) = preSolution
		Debug|Any CPU = Debug|Any CPU
		Release|Any CPU = Release|Any CPU
	EndGlobalSection
	GlobalSection(ProjectConfigurationPlatforms) = postSolution
		{3AEF66EF-A5C8-198A-65D0-8A73369D7545}.Debug|Any CPU.ActiveCfg = Debug|Any CPU
		{3AEF66EF-A5C8-198A-65D0-8A73369D7545}.Debug|Any CPU.Build.0 = Debug|Any CPU
		{3AEF66EF-A5C8-198A-65D0-8A73369D7545}.Release|Any CPU.ActiveCfg = Release|Any CPU
		{3AEF66EF-A5C8-198A-65D0-8A73369D7545}.Release|Any CPU.Build.0 = Release|Any CPU
		{33544DFA-E679-B406-8ABE-B57F0E990966}.Debug|Any CPU.ActiveCfg = Debug|Any CPU
		{33544DFA-E679-B406-8ABE-B57F0E990966}.Debug|Any CPU.Build.0 = Debug|Any CPU
		{33544DFA-E679-B406-8ABE-B57F0E990966}.Release|Any CPU.ActiveCfg = Release|Any CPU
		{33544DFA-E679-B406-8ABE-B57F0E990966}.Release|Any CPU.Build.0 = Release|Any CPU
		{F6D7266C-D51A-46AD-B673-25783CBFF676}.Debug|Any CPU.ActiveCfg = Debug|Any CPU
		{F6D7266C-D51A-46AD-B673-25783CBFF676}.Debug|Any CPU.Build.0 = Debug|Any CPU
		{F6D7266C-D51A-46AD-B673-25783CBFF676}.Release|Any CPU.ActiveCfg = Release|Any CPU
		{F6D7266C-D51A-46AD-B673-25783CBFF676}.Release|Any CPU.Build.0 = Release|Any CPU
	EndGlobalSection
	GlobalSection(SolutionProperties) = preSolution
		HideSolutionNode = FALSE
	EndGlobalSection
	GlobalSection(ExtensibilityGlobals) = postSolution
		SolutionGuid = {E65E76FB-7D34-459A-8B74-8C0C4B0DAECA}
	EndGlobalSection
EndGlobal
